// !$*UTF8*$!
{
	archiveVersion = 1;
	classes = {
	};
	objectVersion = 56;
	objects = {

/* Begin PBXBuildFile section */
		494132AA2BA6FD9000CA97FD /* AppDelegate.swift in Sources */ = {isa = PBXBuildFile; fileRef = 494132A92BA6FD9000CA97FD /* AppDelegate.swift */; };
		494132AC2BA6FD9000CA97FD /* SceneDelegate.swift in Sources */ = {isa = PBXBuildFile; fileRef = 494132AB2BA6FD9000CA97FD /* SceneDelegate.swift */; };
		494132AE2BA6FD9000CA97FD /* ImagesGalleryViewController.swift in Sources */ = {isa = PBXBuildFile; fileRef = 494132AD2BA6FD9000CA97FD /* ImagesGalleryViewController.swift */; };
		494132B32BA6FD9100CA97FD /* Assets.xcassets in Resources */ = {isa = PBXBuildFile; fileRef = 494132B22BA6FD9100CA97FD /* Assets.xcassets */; };
		494132BF2BA7016800CA97FD /* FavoriteImagesViewController.swift in Sources */ = {isa = PBXBuildFile; fileRef = 494132BE2BA7016800CA97FD /* FavoriteImagesViewController.swift */; };
		4BC4391E9FCEAB5D48C5EF08 /* Pods_ImagesGallery.framework in Frameworks */ = {isa = PBXBuildFile; fileRef = 3A373C3878839DA9A37686A6 /* Pods_ImagesGallery.framework */; };
/* End PBXBuildFile section */

/* Begin PBXFileReference section */
		190827CED6E3A97A6114728E /* Pods-ImagesGallery.debug.xcconfig */ = {isa = PBXFileReference; includeInIndex = 1; lastKnownFileType = text.xcconfig; name = "Pods-ImagesGallery.debug.xcconfig"; path = "Target Support Files/Pods-ImagesGallery/Pods-ImagesGallery.debug.xcconfig"; sourceTree = "<group>"; };
		3A373C3878839DA9A37686A6 /* Pods_ImagesGallery.framework */ = {isa = PBXFileReference; explicitFileType = wrapper.framework; includeInIndex = 0; path = Pods_ImagesGallery.framework; sourceTree = BUILT_PRODUCTS_DIR; };
		494132A62BA6FD9000CA97FD /* ImagesGallery.app */ = {isa = PBXFileReference; explicitFileType = wrapper.application; includeInIndex = 0; path = ImagesGallery.app; sourceTree = BUILT_PRODUCTS_DIR; };
		494132A92BA6FD9000CA97FD /* AppDelegate.swift */ = {isa = PBXFileReference; lastKnownFileType = sourcecode.swift; path = AppDelegate.swift; sourceTree = "<group>"; };
		494132AB2BA6FD9000CA97FD /* SceneDelegate.swift */ = {isa = PBXFileReference; lastKnownFileType = sourcecode.swift; path = SceneDelegate.swift; sourceTree = "<group>"; };
		494132AD2BA6FD9000CA97FD /* ImagesGalleryViewController.swift */ = {isa = PBXFileReference; lastKnownFileType = sourcecode.swift; path = ImagesGalleryViewController.swift; sourceTree = "<group>"; };
		494132B22BA6FD9100CA97FD /* Assets.xcassets */ = {isa = PBXFileReference; lastKnownFileType = folder.assetcatalog; path = Assets.xcassets; sourceTree = "<group>"; };
		494132B72BA6FD9100CA97FD /* Info.plist */ = {isa = PBXFileReference; lastKnownFileType = text.plist.xml; path = Info.plist; sourceTree = "<group>"; };
		494132BE2BA7016800CA97FD /* FavoriteImagesViewController.swift */ = {isa = PBXFileReference; lastKnownFileType = sourcecode.swift; path = FavoriteImagesViewController.swift; sourceTree = "<group>"; };
		9C6633C58472596A1C59E318 /* Pods-ImagesGallery.release.xcconfig */ = {isa = PBXFileReference; includeInIndex = 1; lastKnownFileType = text.xcconfig; name = "Pods-ImagesGallery.release.xcconfig"; path = "Target Support Files/Pods-ImagesGallery/Pods-ImagesGallery.release.xcconfig"; sourceTree = "<group>"; };
/* End PBXFileReference section */

/* Begin PBXFrameworksBuildPhase section */
		494132A32BA6FD9000CA97FD /* Frameworks */ = {
			isa = PBXFrameworksBuildPhase;
			buildActionMask = 2147483647;
			files = (
				4BC4391E9FCEAB5D48C5EF08 /* Pods_ImagesGallery.framework in Frameworks */,
			);
			runOnlyForDeploymentPostprocessing = 0;
		};
/* End PBXFrameworksBuildPhase section */

/* Begin PBXGroup section */
		0525569BCA07528B97DC2243 /* Frameworks */ = {
			isa = PBXGroup;
			children = (
				3A373C3878839DA9A37686A6 /* Pods_ImagesGallery.framework */,
			);
			name = Frameworks;
			sourceTree = "<group>";
		};
		4941329D2BA6FD9000CA97FD = {
			isa = PBXGroup;
			children = (
				494132A82BA6FD9000CA97FD /* ImagesGallery */,
				494132A72BA6FD9000CA97FD /* Products */,
				71397C1D3A3BA23A88C7B6DD /* Pods */,
				0525569BCA07528B97DC2243 /* Frameworks */,
			);
			sourceTree = "<group>";
		};
		494132A72BA6FD9000CA97FD /* Products */ = {
			isa = PBXGroup;
			children = (
				494132A62BA6FD9000CA97FD /* ImagesGallery.app */,
			);
			name = Products;
			sourceTree = "<group>";
		};
		494132A82BA6FD9000CA97FD /* ImagesGallery */ = {
			isa = PBXGroup;
			children = (
				494132BD2BA6FDF600CA97FD /* App */,
				494132C12BA7034B00CA97FD /* ImagesGallery */,
				494132C02BA701AC00CA97FD /* FavoriteImages */,
				494132B22BA6FD9100CA97FD /* Assets.xcassets */,
				494132B72BA6FD9100CA97FD /* Info.plist */,
			);
			path = ImagesGallery;
			sourceTree = "<group>";
		};
		494132BD2BA6FDF600CA97FD /* App */ = {
			isa = PBXGroup;
			children = (
				494132AB2BA6FD9000CA97FD /* SceneDelegate.swift */,
				494132A92BA6FD9000CA97FD /* AppDelegate.swift */,
			);
			path = App;
			sourceTree = "<group>";
		};
		494132C02BA701AC00CA97FD /* FavoriteImages */ = {
			isa = PBXGroup;
			children = (
				494132C72BA703D500CA97FD /* FavoriteImagesViewModels */,
				494132C62BA703C300CA97FD /* FavoriteImagesViews */,
				494132C52BA703B300CA97FD /* FavoriteImagesModels */,
			);
			path = FavoriteImages;
			sourceTree = "<group>";
		};
		494132C12BA7034B00CA97FD /* ImagesGallery */ = {
			isa = PBXGroup;
			children = (
				494132C42BA7039500CA97FD /* ImagesGalleryViewModels */,
				494132C32BA7038300CA97FD /* ImagesGalleryViews */,
				494132C22BA7035B00CA97FD /* ImageGalleryModels */,
			);
			path = ImagesGallery;
			sourceTree = "<group>";
		};
		494132C22BA7035B00CA97FD /* ImageGalleryModels */ = {
			isa = PBXGroup;
			children = (
			);
			path = ImageGalleryModels;
			sourceTree = "<group>";
		};
		494132C32BA7038300CA97FD /* ImagesGalleryViews */ = {
			isa = PBXGroup;
			children = (
				494132AD2BA6FD9000CA97FD /* ImagesGalleryViewController.swift */,
			);
			path = ImagesGalleryViews;
			sourceTree = "<group>";
		};
		494132C42BA7039500CA97FD /* ImagesGalleryViewModels */ = {
			isa = PBXGroup;
			children = (
			);
			path = ImagesGalleryViewModels;
			sourceTree = "<group>";
		};
		494132C52BA703B300CA97FD /* FavoriteImagesModels */ = {
			isa = PBXGroup;
			children = (
			);
			path = FavoriteImagesModels;
			sourceTree = "<group>";
		};
		494132C62BA703C300CA97FD /* FavoriteImagesViews */ = {
			isa = PBXGroup;
			children = (
				494132BE2BA7016800CA97FD /* FavoriteImagesViewController.swift */,
			);
			path = FavoriteImagesViews;
			sourceTree = "<group>";
		};
		494132C72BA703D500CA97FD /* FavoriteImagesViewModels */ = {
			isa = PBXGroup;
			children = (
			);
			path = FavoriteImagesViewModels;
			sourceTree = "<group>";
		};
		71397C1D3A3BA23A88C7B6DD /* Pods */ = {
			isa = PBXGroup;
			children = (
				190827CED6E3A97A6114728E /* Pods-ImagesGallery.debug.xcconfig */,
				9C6633C58472596A1C59E318 /* Pods-ImagesGallery.release.xcconfig */,
			);
			path = Pods;
			sourceTree = "<group>";
		};
/* End PBXGroup section */

/* Begin PBXNativeTarget section */
		494132A52BA6FD9000CA97FD /* ImagesGallery */ = {
			isa = PBXNativeTarget;
			buildConfigurationList = 494132BA2BA6FD9100CA97FD /* Build configuration list for PBXNativeTarget "ImagesGallery" */;
			buildPhases = (
				56444F91592DF11302E7E47A /* [CP] Check Pods Manifest.lock */,
				494132A22BA6FD9000CA97FD /* Sources */,
				494132A32BA6FD9000CA97FD /* Frameworks */,
				494132A42BA6FD9000CA97FD /* Resources */,
				846FAA054022E59E020086D2 /* [CP] Embed Pods Frameworks */,
			);
			buildRules = (
			);
			dependencies = (
			);
			name = ImagesGallery;
			productName = ImagesGallery;
			productReference = 494132A62BA6FD9000CA97FD /* ImagesGallery.app */;
			productType = "com.apple.product-type.application";
		};
/* End PBXNativeTarget section */

/* Begin PBXProject section */
		4941329E2BA6FD9000CA97FD /* Project object */ = {
			isa = PBXProject;
			attributes = {
				BuildIndependentTargetsInParallel = 1;
				LastSwiftUpdateCheck = 1530;
				LastUpgradeCheck = 1530;
				TargetAttributes = {
					494132A52BA6FD9000CA97FD = {
						CreatedOnToolsVersion = 15.3;
					};
				};
			};
			buildConfigurationList = 494132A12BA6FD9000CA97FD /* Build configuration list for PBXProject "ImagesGallery" */;
			compatibilityVersion = "Xcode 14.0";
			developmentRegion = en;
			hasScannedForEncodings = 0;
			knownRegions = (
				en,
				Base,
			);
			mainGroup = 4941329D2BA6FD9000CA97FD;
			productRefGroup = 494132A72BA6FD9000CA97FD /* Products */;
			projectDirPath = "";
			projectRoot = "";
			targets = (
				494132A52BA6FD9000CA97FD /* ImagesGallery */,
			);
		};
/* End PBXProject section */

/* Begin PBXResourcesBuildPhase section */
		494132A42BA6FD9000CA97FD /* Resources */ = {
			isa = PBXResourcesBuildPhase;
			buildActionMask = 2147483647;
			files = (
				494132B32BA6FD9100CA97FD /* Assets.xcassets in Resources */,
			);
			runOnlyForDeploymentPostprocessing = 0;
		};
/* End PBXResourcesBuildPhase section */

/* Begin PBXShellScriptBuildPhase section */
		56444F91592DF11302E7E47A /* [CP] Check Pods Manifest.lock */ = {
			isa = PBXShellScriptBuildPhase;
			buildActionMask = 2147483647;
			files = (
			);
			inputFileListPaths = (
			);
			inputPaths = (
				"${PODS_PODFILE_DIR_PATH}/Podfile.lock",
				"${PODS_ROOT}/Manifest.lock",
			);
			name = "[CP] Check Pods Manifest.lock";
			outputFileListPaths = (
			);
			outputPaths = (
				"$(DERIVED_FILE_DIR)/Pods-ImagesGallery-checkManifestLockResult.txt",
			);
			runOnlyForDeploymentPostprocessing = 0;
			shellPath = /bin/sh;
			shellScript = "diff \"${PODS_PODFILE_DIR_PATH}/Podfile.lock\" \"${PODS_ROOT}/Manifest.lock\" > /dev/null\nif [ $? != 0 ] ; then\n    # print error to STDERR\n    echo \"error: The sandbox is not in sync with the Podfile.lock. Run 'pod install' or update your CocoaPods installation.\" >&2\n    exit 1\nfi\n# This output is used by Xcode 'outputs' to avoid re-running this script phase.\necho \"SUCCESS\" > \"${SCRIPT_OUTPUT_FILE_0}\"\n";
			showEnvVarsInLog = 0;
		};
		846FAA054022E59E020086D2 /* [CP] Embed Pods Frameworks */ = {
			isa = PBXShellScriptBuildPhase;
			buildActionMask = 2147483647;
			files = (
			);
			inputFileListPaths = (
				"${PODS_ROOT}/Target Support Files/Pods-ImagesGallery/Pods-ImagesGallery-frameworks-${CONFIGURATION}-input-files.xcfilelist",
			);
			name = "[CP] Embed Pods Frameworks";
			outputFileListPaths = (
				"${PODS_ROOT}/Target Support Files/Pods-ImagesGallery/Pods-ImagesGallery-frameworks-${CONFIGURATION}-output-files.xcfilelist",
			);
			runOnlyForDeploymentPostprocessing = 0;
			shellPath = /bin/sh;
			shellScript = "\"${PODS_ROOT}/Target Support Files/Pods-ImagesGallery/Pods-ImagesGallery-frameworks.sh\"\n";
			showEnvVarsInLog = 0;
		};
/* End PBXShellScriptBuildPhase section */

/* Begin PBXSourcesBuildPhase section */
		494132A22BA6FD9000CA97FD /* Sources */ = {
			isa = PBXSourcesBuildPhase;
			buildActionMask = 2147483647;
			files = (
				494132AE2BA6FD9000CA97FD /* ImagesGalleryViewController.swift in Sources */,
				494132AA2BA6FD9000CA97FD /* AppDelegate.swift in Sources */,
				494132BF2BA7016800CA97FD /* FavoriteImagesViewController.swift in Sources */,
				494132AC2BA6FD9000CA97FD /* SceneDelegate.swift in Sources */,
			);
			runOnlyForDeploymentPostprocessing = 0;
		};
/* End PBXSourcesBuildPhase section */

/* Begin XCBuildConfiguration section */
		494132B82BA6FD9100CA97FD /* Debug */ = {
			isa = XCBuildConfiguration;
			buildSettings = {
				ALWAYS_SEARCH_USER_PATHS = NO;
				ASSETCATALOG_COMPILER_GENERATE_SWIFT_ASSET_SYMBOL_EXTENSIONS = YES;
				CLANG_ANALYZER_NONNULL = YES;
				CLANG_ANALYZER_NUMBER_OBJECT_CONVERSION = YES_AGGRESSIVE;
				CLANG_CXX_LANGUAGE_STANDARD = "gnu++20";
				CLANG_ENABLE_MODULES = YES;
				CLANG_ENABLE_OBJC_ARC = YES;
				CLANG_ENABLE_OBJC_WEAK = YES;
				CLANG_WARN_BLOCK_CAPTURE_AUTORELEASING = YES;
				CLANG_WARN_BOOL_CONVERSION = YES;
				CLANG_WARN_COMMA = YES;
				CLANG_WARN_CONSTANT_CONVERSION = YES;
				CLANG_WARN_DEPRECATED_OBJC_IMPLEMENTATIONS = YES;
				CLANG_WARN_DIRECT_OBJC_ISA_USAGE = YES_ERROR;
				CLANG_WARN_DOCUMENTATION_COMMENTS = YES;
				CLANG_WARN_EMPTY_BODY = YES;
				CLANG_WARN_ENUM_CONVERSION = YES;
				CLANG_WARN_INFINITE_RECURSION = YES;
				CLANG_WARN_INT_CONVERSION = YES;
				CLANG_WARN_NON_LITERAL_NULL_CONVERSION = YES;
				CLANG_WARN_OBJC_IMPLICIT_RETAIN_SELF = YES;
				CLANG_WARN_OBJC_LITERAL_CONVERSION = YES;
				CLANG_WARN_OBJC_ROOT_CLASS = YES_ERROR;
				CLANG_WARN_QUOTED_INCLUDE_IN_FRAMEWORK_HEADER = YES;
				CLANG_WARN_RANGE_LOOP_ANALYSIS = YES;
				CLANG_WARN_STRICT_PROTOTYPES = YES;
				CLANG_WARN_SUSPICIOUS_MOVE = YES;
				CLANG_WARN_UNGUARDED_AVAILABILITY = YES_AGGRESSIVE;
				CLANG_WARN_UNREACHABLE_CODE = YES;
				CLANG_WARN__DUPLICATE_METHOD_MATCH = YES;
				COPY_PHASE_STRIP = NO;
				DEBUG_INFORMATION_FORMAT = dwarf;
				ENABLE_STRICT_OBJC_MSGSEND = YES;
				ENABLE_TESTABILITY = YES;
				ENABLE_USER_SCRIPT_SANDBOXING = YES;
				GCC_C_LANGUAGE_STANDARD = gnu17;
				GCC_DYNAMIC_NO_PIC = NO;
				GCC_NO_COMMON_BLOCKS = YES;
				GCC_OPTIMIZATION_LEVEL = 0;
				GCC_PREPROCESSOR_DEFINITIONS = (
					"DEBUG=1",
					"$(inherited)",
				);
				GCC_WARN_64_TO_32_BIT_CONVERSION = YES;
				GCC_WARN_ABOUT_RETURN_TYPE = YES_ERROR;
				GCC_WARN_UNDECLARED_SELECTOR = YES;
				GCC_WARN_UNINITIALIZED_AUTOS = YES_AGGRESSIVE;
				GCC_WARN_UNUSED_FUNCTION = YES;
				GCC_WARN_UNUSED_VARIABLE = YES;
				IPHONEOS_DEPLOYMENT_TARGET = 14.0;
				LOCALIZATION_PREFERS_STRING_CATALOGS = YES;
				MTL_ENABLE_DEBUG_INFO = INCLUDE_SOURCE;
				MTL_FAST_MATH = YES;
				ONLY_ACTIVE_ARCH = YES;
				SDKROOT = iphoneos;
				SWIFT_ACTIVE_COMPILATION_CONDITIONS = "DEBUG $(inherited)";
				SWIFT_OPTIMIZATION_LEVEL = "-Onone";
			};
			name = Debug;
		};
		494132B92BA6FD9100CA97FD /* Release */ = {
			isa = XCBuildConfiguration;
			buildSettings = {
				ALWAYS_SEARCH_USER_PATHS = NO;
				ASSETCATALOG_COMPILER_GENERATE_SWIFT_ASSET_SYMBOL_EXTENSIONS = YES;
				CLANG_ANALYZER_NONNULL = YES;
				CLANG_ANALYZER_NUMBER_OBJECT_CONVERSION = YES_AGGRESSIVE;
				CLANG_CXX_LANGUAGE_STANDARD = "gnu++20";
				CLANG_ENABLE_MODULES = YES;
				CLANG_ENABLE_OBJC_ARC = YES;
				CLANG_ENABLE_OBJC_WEAK = YES;
				CLANG_WARN_BLOCK_CAPTURE_AUTORELEASING = YES;
				CLANG_WARN_BOOL_CONVERSION = YES;
				CLANG_WARN_COMMA = YES;
				CLANG_WARN_CONSTANT_CONVERSION = YES;
				CLANG_WARN_DEPRECATED_OBJC_IMPLEMENTATIONS = YES;
				CLANG_WARN_DIRECT_OBJC_ISA_USAGE = YES_ERROR;
				CLANG_WARN_DOCUMENTATION_COMMENTS = YES;
				CLANG_WARN_EMPTY_BODY = YES;
				CLANG_WARN_ENUM_CONVERSION = YES;
				CLANG_WARN_INFINITE_RECURSION = YES;
				CLANG_WARN_INT_CONVERSION = YES;
				CLANG_WARN_NON_LITERAL_NULL_CONVERSION = YES;
				CLANG_WARN_OBJC_IMPLICIT_RETAIN_SELF = YES;
				CLANG_WARN_OBJC_LITERAL_CONVERSION = YES;
				CLANG_WARN_OBJC_ROOT_CLASS = YES_ERROR;
				CLANG_WARN_QUOTED_INCLUDE_IN_FRAMEWORK_HEADER = YES;
				CLANG_WARN_RANGE_LOOP_ANALYSIS = YES;
				CLANG_WARN_STRICT_PROTOTYPES = YES;
				CLANG_WARN_SUSPICIOUS_MOVE = YES;
				CLANG_WARN_UNGUARDED_AVAILABILITY = YES_AGGRESSIVE;
				CLANG_WARN_UNREACHABLE_CODE = YES;
				CLANG_WARN__DUPLICATE_METHOD_MATCH = YES;
				COPY_PHASE_STRIP = NO;
				DEBUG_INFORMATION_FORMAT = "dwarf-with-dsym";
				ENABLE_NS_ASSERTIONS = NO;
				ENABLE_STRICT_OBJC_MSGSEND = YES;
				ENABLE_USER_SCRIPT_SANDBOXING = YES;
				GCC_C_LANGUAGE_STANDARD = gnu17;
				GCC_NO_COMMON_BLOCKS = YES;
				GCC_WARN_64_TO_32_BIT_CONVERSION = YES;
				GCC_WARN_ABOUT_RETURN_TYPE = YES_ERROR;
				GCC_WARN_UNDECLARED_SELECTOR = YES;
				GCC_WARN_UNINITIALIZED_AUTOS = YES_AGGRESSIVE;
				GCC_WARN_UNUSED_FUNCTION = YES;
				GCC_WARN_UNUSED_VARIABLE = YES;
				IPHONEOS_DEPLOYMENT_TARGET = 14.0;
				LOCALIZATION_PREFERS_STRING_CATALOGS = YES;
				MTL_ENABLE_DEBUG_INFO = NO;
				MTL_FAST_MATH = YES;
				SDKROOT = iphoneos;
				SWIFT_COMPILATION_MODE = wholemodule;
				VALIDATE_PRODUCT = YES;
			};
			name = Release;
		};
		494132BB2BA6FD9100CA97FD /* Debug */ = {
			isa = XCBuildConfiguration;
			baseConfigurationReference = 190827CED6E3A97A6114728E /* Pods-ImagesGallery.debug.xcconfig */;
			buildSettings = {
				ASSETCATALOG_COMPILER_APPICON_NAME = AppIcon;
				ASSETCATALOG_COMPILER_GLOBAL_ACCENT_COLOR_NAME = AccentColor;
				CODE_SIGN_STYLE = Automatic;
				CURRENT_PROJECT_VERSION = 1;
				DEVELOPMENT_TEAM = KWG6Z2ZCR9;
				ENABLE_USER_SCRIPT_SANDBOXING = NO;
				GENERATE_INFOPLIST_FILE = YES;
				INFOPLIST_FILE = ImagesGallery/Info.plist;
				INFOPLIST_KEY_UIApplicationSupportsIndirectInputEvents = YES;
				INFOPLIST_KEY_UILaunchStoryboardName = LaunchScreen;
				INFOPLIST_KEY_UISupportedInterfaceOrientations_iPad = "UIInterfaceOrientationPortrait UIInterfaceOrientationPortraitUpsideDown UIInterfaceOrientationLandscapeLeft UIInterfaceOrientationLandscapeRight";
				INFOPLIST_KEY_UISupportedInterfaceOrientations_iPhone = "UIInterfaceOrientationPortrait UIInterfaceOrientationLandscapeLeft UIInterfaceOrientationLandscapeRight";
				LD_RUNPATH_SEARCH_PATHS = (
					"$(inherited)",
					"@executable_path/Frameworks",
				);
				MARKETING_VERSION = 1.0;
				PRODUCT_BUNDLE_IDENTIFIER = SmartStart.ImagesGallery;
				PRODUCT_NAME = "$(TARGET_NAME)";
				SWIFT_EMIT_LOC_STRINGS = YES;
				SWIFT_VERSION = 5.0;
				TARGETED_DEVICE_FAMILY = "1,2";
			};
			name = Debug;
		};
		494132BC2BA6FD9100CA97FD /* Release */ = {
			isa = XCBuildConfiguration;
			baseConfigurationReference = 9C6633C58472596A1C59E318 /* Pods-ImagesGallery.release.xcconfig */;
			buildSettings = {
				ASSETCATALOG_COMPILER_APPICON_NAME = AppIcon;
				ASSETCATALOG_COMPILER_GLOBAL_ACCENT_COLOR_NAME = AccentColor;
				CODE_SIGN_STYLE = Automatic;
				CURRENT_PROJECT_VERSION = 1;
				DEVELOPMENT_TEAM = KWG6Z2ZCR9;
				ENABLE_USER_SCRIPT_SANDBOXING = NO;
				GENERATE_INFOPLIST_FILE = YES;
				INFOPLIST_FILE = ImagesGallery/Info.plist;
				INFOPLIST_KEY_UIApplicationSupportsIndirectInputEvents = YES;
				INFOPLIST_KEY_UILaunchStoryboardName = LaunchScreen;
				INFOPLIST_KEY_UISupportedInterfaceOrientations_iPad = "UIInterfaceOrientationPortrait UIInterfaceOrientationPortraitUpsideDown UIInterfaceOrientationLandscapeLeft UIInterfaceOrientationLandscapeRight";
				INFOPLIST_KEY_UISupportedInterfaceOrientations_iPhone = "UIInterfaceOrientationPortrait UIInterfaceOrientationLandscapeLeft UIInterfaceOrientationLandscapeRight";
				LD_RUNPATH_SEARCH_PATHS = (
					"$(inherited)",
					"@executable_path/Frameworks",
				);
				MARKETING_VERSION = 1.0;
				PRODUCT_BUNDLE_IDENTIFIER = SmartStart.ImagesGallery;
				PRODUCT_NAME = "$(TARGET_NAME)";
				SWIFT_EMIT_LOC_STRINGS = YES;
				SWIFT_VERSION = 5.0;
				TARGETED_DEVICE_FAMILY = "1,2";
			};
			name = Release;
		};
/* End XCBuildConfiguration section */

/* Begin XCConfigurationList section */
		494132A12BA6FD9000CA97FD /* Build configuration list for PBXProject "ImagesGallery" */ = {
			isa = XCConfigurationList;
			buildConfigurations = (
				494132B82BA6FD9100CA97FD /* Debug */,
				494132B92BA6FD9100CA97FD /* Release */,
			);
			defaultConfigurationIsVisible = 0;
			defaultConfigurationName = Release;
		};
		494132BA2BA6FD9100CA97FD /* Build configuration list for PBXNativeTarget "ImagesGallery" */ = {
			isa = XCConfigurationList;
			buildConfigurations = (
				494132BB2BA6FD9100CA97FD /* Debug */,
				494132BC2BA6FD9100CA97FD /* Release */,
			);
			defaultConfigurationIsVisible = 0;
			defaultConfigurationName = Release;
		};
/* End XCConfigurationList section */
	};
	rootObject = 4941329E2BA6FD9000CA97FD /* Project object */;
}
